
Microsoft Visual Studio Solution File, Format Version 12.00
# Visual Studio Version 17
VisualStudioVersion = 17.4.33103.184
MinimumVisualStudioVersion = 10.0.40219.1
Project("{8BC9CEB8-8B4A-11D0-8D11-00A0C91BC942}") = "defprep", "defprep.vcxproj", "{D63EC7A2-2617-439D-AF71-D50557318D49}"
EndProject
Global
	GlobalSection(SolutionConfigurationPlatforms) = preSolution
		Debug|ARM64 = Debug|ARM64
		Debug|x64 = Debug|x64
		Debug|x86 = Debug|x86
		Release|ARM64 = Release|ARM64
		Release|x64 = Release|x64
		Release|x86 = Release|x86
	EndGlobalSection
	GlobalSection(ProjectConfigurationPlatforms) = postSolution
		{D63EC7A2-2617-439D-AF71-D50557318D49}.Debug|ARM64.ActiveCfg = Debug|ARM64
		{D63EC7A2-2617-439D-AF71-D50557318D49}.Debug|ARM64.Build.0 = Debug|ARM64
		{D63EC7A2-2617-439D-AF71-D50557318D49}.Debug|x64.ActiveCfg = Debug|x64
		{D63EC7A2-2617-439D-AF71-D50557318D49}.Debug|x64.Build.0 = Debug|x64
		{D63EC7A2-2617-439D-AF71-D50557318D49}.Debug|x86.ActiveCfg = Debug|Win32
		{D63EC7A2-2617-439D-AF71-D50557318D49}.Debug|x86.Build.0 = Debug|Win32
		{D63EC7A2-2617-439D-AF71-D50557318D49}.Release|ARM64.ActiveCfg = Release|ARM64
		{D63EC7A2-2617-439D-AF71-D50557318D49}.Release|ARM64.Build.0 = Release|ARM64
		{D63EC7A2-2617-439D-AF71-D50557318D49}.Release|x64.ActiveCfg = Release|x64
		{D63EC7A2-2617-439D-AF71-D50557318D49}.Release|x64.Build.0 = Release|x64
		{D63EC7A2-2617-439D-AF71-D50557318D49}.Release|x86.ActiveCfg = Release|Win32
		{D63EC7A2-2617-439D-AF71-D50557318D49}.Release|x86.Build.0 = Release|Win32
	EndGlobalSection
	GlobalSection(SolutionProperties) = preSolution
		HideSolutionNode = FALSE
	EndGlobalSection
	GlobalSection(ExtensibilityGlobals) = postSolution
		SolutionGuid = {2E5A089D-B3D0-42F4-A5B6-33B17DD9D2D5}
	EndGlobalSection
EndGlobal
