<?xml version="1.0" encoding="utf-8"?>
<Project ToolsVersion="4.0" xmlns="http://schemas.microsoft.com/developer/msbuild/2003">
  <ItemGroup>
    <ClCompile Include="defprep.cpp" />
  </ItemGroup>
  <ItemGroup>
    <None Include="defprep.info" />
  </ItemGroup>
  <ItemGroup>
    <Manifest Include="DefPrep.manifest" />
  </ItemGroup>
  <ItemGroup>
    <ResourceCompile Include="DefPrep-vi.rc" />
  </ItemGroup>
</Project>